// !$*UTF8*$!
{
	archiveVersion = 1;
	classes = {
	};
	objectVersion = 46;
	objects = {

/* Begin PBXBuildFile section */
		0E06A1981E8BA5420018326F /* AppDelegate.swift in Sources */ = {isa = PBXBuildFile; fileRef = 0E06A1971E8BA5420018326F /* AppDelegate.swift */; };
		0E06A19A1E8BA5420018326F /* ViewController.swift in Sources */ = {isa = PBXBuildFile; fileRef = 0E06A1991E8BA5420018326F /* ViewController.swift */; };
		0E06A19D1E8BA5420018326F /* Main.storyboard in Resources */ = {isa = PBXBuildFile; fileRef = 0E06A19B1E8BA5420018326F /* Main.storyboard */; };
		0E06A19F1E8BA5420018326F /* Assets.xcassets in Resources */ = {isa = PBXBuildFile; fileRef = 0E06A19E1E8BA5420018326F /* Assets.xcassets */; };
		0E06A1A21E8BA5420018326F /* LaunchScreen.storyboard in Resources */ = {isa = PBXBuildFile; fileRef = 0E06A1A01E8BA5420018326F /* LaunchScreen.storyboard */; };
		0E06A1AC1E8BAD3D0018326F /* RecentGameCell.swift in Sources */ = {isa = PBXBuildFile; fileRef = 0E06A1AB1E8BAD3D0018326F /* RecentGameCell.swift */; };
		1C002BAE1EB098D700749934 /* AddViewController.swift in Sources */ = {isa = PBXBuildFile; fileRef = 1C002BAD1EB098D700749934 /* AddViewController.swift */; };
		1C002BB01EB0ADC200749934 /* LoginViewController.swift in Sources */ = {isa = PBXBuildFile; fileRef = 1C002BAF1EB0ADC200749934 /* LoginViewController.swift */; };
		1C002BB21EB0B33900749934 /* MainViewController.swift in Sources */ = {isa = PBXBuildFile; fileRef = 1C002BB11EB0B33900749934 /* MainViewController.swift */; };
		1C002BB41EB0B8E600749934 /* ProfileViewController.swift in Sources */ = {isa = PBXBuildFile; fileRef = 1C002BB31EB0B8E600749934 /* ProfileViewController.swift */; };
		1C7DA04C1E9E278B004D535E /* CustomHeaderCell.swift in Sources */ = {isa = PBXBuildFile; fileRef = 1C7DA04B1E9E278B004D535E /* CustomHeaderCell.swift */; };
		1C7DA0521E9E3952004D535E /* RankingHeadersCell.swift in Sources */ = {isa = PBXBuildFile; fileRef = 1C7DA0511E9E3952004D535E /* RankingHeadersCell.swift */; };
		1C7DA0541E9E3B41004D535E /* RankingViewController.swift in Sources */ = {isa = PBXBuildFile; fileRef = 1C7DA0531E9E3B41004D535E /* RankingViewController.swift */; };
/* End PBXBuildFile section */

/* Begin PBXFileReference section */
		0E06A1941E8BA5420018326F /* ProjektRanking.app */ = {isa = PBXFileReference; explicitFileType = wrapper.application; includeInIndex = 0; path = ProjektRanking.app; sourceTree = BUILT_PRODUCTS_DIR; };
		0E06A1971E8BA5420018326F /* AppDelegate.swift */ = {isa = PBXFileReference; lastKnownFileType = sourcecode.swift; path = AppDelegate.swift; sourceTree = "<group>"; };
		0E06A1991E8BA5420018326F /* ViewController.swift */ = {isa = PBXFileReference; lastKnownFileType = sourcecode.swift; path = ViewController.swift; sourceTree = "<group>"; };
		0E06A19C1E8BA5420018326F /* Base */ = {isa = PBXFileReference; lastKnownFileType = file.storyboard; name = Base; path = Base.lproj/Main.storyboard; sourceTree = "<group>"; };
		0E06A19E1E8BA5420018326F /* Assets.xcassets */ = {isa = PBXFileReference; lastKnownFileType = folder.assetcatalog; path = Assets.xcassets; sourceTree = "<group>"; };
		0E06A1A11E8BA5420018326F /* Base */ = {isa = PBXFileReference; lastKnownFileType = file.storyboard; name = Base; path = Base.lproj/LaunchScreen.storyboard; sourceTree = "<group>"; };
		0E06A1A31E8BA5420018326F /* Info.plist */ = {isa = PBXFileReference; lastKnownFileType = text.plist.xml; path = Info.plist; sourceTree = "<group>"; };
		0E06A1AB1E8BAD3D0018326F /* RecentGameCell.swift */ = {isa = PBXFileReference; fileEncoding = 4; lastKnownFileType = sourcecode.swift; path = RecentGameCell.swift; sourceTree = "<group>"; };
		1C002BAD1EB098D700749934 /* AddViewController.swift */ = {isa = PBXFileReference; fileEncoding = 4; lastKnownFileType = sourcecode.swift; path = AddViewController.swift; sourceTree = "<group>"; };
		1C002BAF1EB0ADC200749934 /* LoginViewController.swift */ = {isa = PBXFileReference; fileEncoding = 4; lastKnownFileType = sourcecode.swift; path = LoginViewController.swift; sourceTree = "<group>"; };
		1C002BB11EB0B33900749934 /* MainViewController.swift */ = {isa = PBXFileReference; fileEncoding = 4; lastKnownFileType = sourcecode.swift; path = MainViewController.swift; sourceTree = "<group>"; };
		1C002BB31EB0B8E600749934 /* ProfileViewController.swift */ = {isa = PBXFileReference; fileEncoding = 4; lastKnownFileType = sourcecode.swift; path = ProfileViewController.swift; sourceTree = "<group>"; };
		1C7DA04B1E9E278B004D535E /* CustomHeaderCell.swift */ = {isa = PBXFileReference; fileEncoding = 4; lastKnownFileType = sourcecode.swift; path = CustomHeaderCell.swift; sourceTree = "<group>"; };
		1C7DA0511E9E3952004D535E /* RankingHeadersCell.swift */ = {isa = PBXFileReference; fileEncoding = 4; lastKnownFileType = sourcecode.swift; path = RankingHeadersCell.swift; sourceTree = "<group>"; };
		1C7DA0531E9E3B41004D535E /* RankingViewController.swift */ = {isa = PBXFileReference; fileEncoding = 4; lastKnownFileType = sourcecode.swift; path = RankingViewController.swift; sourceTree = "<group>"; };
/* End PBXFileReference section */

/* Begin PBXFrameworksBuildPhase section */
		0E06A1911E8BA5420018326F /* Frameworks */ = {
			isa = PBXFrameworksBuildPhase;
			buildActionMask = 2147483647;
			files = (
			);
			runOnlyForDeploymentPostprocessing = 0;
		};
/* End PBXFrameworksBuildPhase section */

/* Begin PBXGroup section */
		0E06A18B1E8BA5420018326F = {
			isa = PBXGroup;
			children = (
				0E06A1961E8BA5420018326F /* ProjektRanking */,
				0E06A1951E8BA5420018326F /* Products */,
			);
			sourceTree = "<group>";
		};
		0E06A1951E8BA5420018326F /* Products */ = {
			isa = PBXGroup;
			children = (
				0E06A1941E8BA5420018326F /* ProjektRanking.app */,
			);
			name = Products;
			sourceTree = "<group>";
		};
		0E06A1961E8BA5420018326F /* ProjektRanking */ = {
			isa = PBXGroup;
			children = (
				1C7DA04D1E9E35FF004D535E /* ViewControllers */,
				1C7DA04E1E9E3618004D535E /* Cells */,
				0E06A1971E8BA5420018326F /* AppDelegate.swift */,
				0E06A19B1E8BA5420018326F /* Main.storyboard */,
				0E06A19E1E8BA5420018326F /* Assets.xcassets */,
				0E06A1A01E8BA5420018326F /* LaunchScreen.storyboard */,
				0E06A1A31E8BA5420018326F /* Info.plist */,
			);
			path = ProjektRanking;
			sourceTree = "<group>";
		};
		1C7DA04D1E9E35FF004D535E /* ViewControllers */ = {
			isa = PBXGroup;
			children = (
				0E06A1991E8BA5420018326F /* ViewController.swift */,
				1C7DA0531E9E3B41004D535E /* RankingViewController.swift */,
				1C002BAD1EB098D700749934 /* AddViewController.swift */,
				1C002BAF1EB0ADC200749934 /* LoginViewController.swift */,
				1C002BB11EB0B33900749934 /* MainViewController.swift */,
				1C002BB31EB0B8E600749934 /* ProfileViewController.swift */,
			);
			name = ViewControllers;
			sourceTree = "<group>";
		};
		1C7DA04E1E9E3618004D535E /* Cells */ = {
			isa = PBXGroup;
			children = (
				0E06A1AB1E8BAD3D0018326F /* RecentGameCell.swift */,
				1C7DA04B1E9E278B004D535E /* CustomHeaderCell.swift */,
				1C7DA0511E9E3952004D535E /* RankingHeadersCell.swift */,
			);
			name = Cells;
			sourceTree = "<group>";
		};
/* End PBXGroup section */

/* Begin PBXNativeTarget section */
		0E06A1931E8BA5420018326F /* ProjektRanking */ = {
			isa = PBXNativeTarget;
			buildConfigurationList = 0E06A1A61E8BA5430018326F /* Build configuration list for PBXNativeTarget "ProjektRanking" */;
			buildPhases = (
				0E06A1901E8BA5420018326F /* Sources */,
				0E06A1911E8BA5420018326F /* Frameworks */,
				0E06A1921E8BA5420018326F /* Resources */,
			);
			buildRules = (
			);
			dependencies = (
			);
			name = ProjektRanking;
			productName = ProjektRanking;
			productReference = 0E06A1941E8BA5420018326F /* ProjektRanking.app */;
			productType = "com.apple.product-type.application";
		};
/* End PBXNativeTarget section */

/* Begin PBXProject section */
		0E06A18C1E8BA5420018326F /* Project object */ = {
			isa = PBXProject;
			attributes = {
				LastSwiftUpdateCheck = 0820;
				LastUpgradeCheck = 0820;
				ORGANIZATIONNAME = PitPit;
				TargetAttributes = {
					0E06A1931E8BA5420018326F = {
						CreatedOnToolsVersion = 8.2.1;
						ProvisioningStyle = Automatic;
					};
				};
			};
			buildConfigurationList = 0E06A18F1E8BA5420018326F /* Build configuration list for PBXProject "ProjektRanking" */;
			compatibilityVersion = "Xcode 3.2";
			developmentRegion = English;
			hasScannedForEncodings = 0;
			knownRegions = (
				en,
				Base,
			);
			mainGroup = 0E06A18B1E8BA5420018326F;
			productRefGroup = 0E06A1951E8BA5420018326F /* Products */;
			projectDirPath = "";
			projectRoot = "";
			targets = (
				0E06A1931E8BA5420018326F /* ProjektRanking */,
			);
		};
/* End PBXProject section */

/* Begin PBXResourcesBuildPhase section */
		0E06A1921E8BA5420018326F /* Resources */ = {
			isa = PBXResourcesBuildPhase;
			buildActionMask = 2147483647;
			files = (
				0E06A1A21E8BA5420018326F /* LaunchScreen.storyboard in Resources */,
				0E06A19F1E8BA5420018326F /* Assets.xcassets in Resources */,
				0E06A19D1E8BA5420018326F /* Main.storyboard in Resources */,
			);
			runOnlyForDeploymentPostprocessing = 0;
		};
/* End PBXResourcesBuildPhase section */

/* Begin PBXSourcesBuildPhase section */
		0E06A1901E8BA5420018326F /* Sources */ = {
			isa = PBXSourcesBuildPhase;
			buildActionMask = 2147483647;
			files = (
				0E06A19A1E8BA5420018326F /* ViewController.swift in Sources */,
				1C7DA04C1E9E278B004D535E /* CustomHeaderCell.swift in Sources */,
				1C002BB41EB0B8E600749934 /* ProfileViewController.swift in Sources */,
				1C002BAE1EB098D700749934 /* AddViewController.swift in Sources */,
				0E06A1981E8BA5420018326F /* AppDelegate.swift in Sources */,
				1C002BB01EB0ADC200749934 /* LoginViewController.swift in Sources */,
				1C7DA0521E9E3952004D535E /* RankingHeadersCell.swift in Sources */,
				1C002BB21EB0B33900749934 /* MainViewController.swift in Sources */,
				0E06A1AC1E8BAD3D0018326F /* RecentGameCell.swift in Sources */,
				1C7DA0541E9E3B41004D535E /* RankingViewController.swift in Sources */,
			);
			runOnlyForDeploymentPostprocessing = 0;
		};
/* End PBXSourcesBuildPhase section */

/* Begin PBXVariantGroup section */
		0E06A19B1E8BA5420018326F /* Main.storyboard */ = {
			isa = PBXVariantGroup;
			children = (
				0E06A19C1E8BA5420018326F /* Base */,
			);
			name = Main.storyboard;
			sourceTree = "<group>";
		};
		0E06A1A01E8BA5420018326F /* LaunchScreen.storyboard */ = {
			isa = PBXVariantGroup;
			children = (
				0E06A1A11E8BA5420018326F /* Base */,
			);
			name = LaunchScreen.storyboard;
			sourceTree = "<group>";
		};
/* End PBXVariantGroup section */

/* Begin XCBuildConfiguration section */
		0E06A1A41E8BA5430018326F /* Debug */ = {
			isa = XCBuildConfiguration;
			buildSettings = {
				ALWAYS_SEARCH_USER_PATHS = NO;
				CLANG_ANALYZER_NONNULL = YES;
				CLANG_CXX_LANGUAGE_STANDARD = "gnu++0x";
				CLANG_CXX_LIBRARY = "libc++";
				CLANG_ENABLE_MODULES = YES;
				CLANG_ENABLE_OBJC_ARC = YES;
				CLANG_WARN_BOOL_CONVERSION = YES;
				CLANG_WARN_CONSTANT_CONVERSION = YES;
				CLANG_WARN_DIRECT_OBJC_ISA_USAGE = YES_ERROR;
				CLANG_WARN_DOCUMENTATION_COMMENTS = YES;
				CLANG_WARN_EMPTY_BODY = YES;
				CLANG_WARN_ENUM_CONVERSION = YES;
				CLANG_WARN_INFINITE_RECURSION = YES;
				CLANG_WARN_INT_CONVERSION = YES;
				CLANG_WARN_OBJC_ROOT_CLASS = YES_ERROR;
				CLANG_WARN_SUSPICIOUS_MOVE = YES;
				CLANG_WARN_UNREACHABLE_CODE = YES;
				CLANG_WARN__DUPLICATE_METHOD_MATCH = YES;
				"CODE_SIGN_IDENTITY[sdk=iphoneos*]" = "iPhone Developer";
				COPY_PHASE_STRIP = NO;
				DEBUG_INFORMATION_FORMAT = dwarf;
				ENABLE_STRICT_OBJC_MSGSEND = YES;
				ENABLE_TESTABILITY = YES;
				GCC_C_LANGUAGE_STANDARD = gnu99;
				GCC_DYNAMIC_NO_PIC = NO;
				GCC_NO_COMMON_BLOCKS = YES;
				GCC_OPTIMIZATION_LEVEL = 0;
				GCC_PREPROCESSOR_DEFINITIONS = (
					"DEBUG=1",
					"$(inherited)",
				);
				GCC_WARN_64_TO_32_BIT_CONVERSION = YES;
				GCC_WARN_ABOUT_RETURN_TYPE = YES_ERROR;
				GCC_WARN_UNDECLARED_SELECTOR = YES;
				GCC_WARN_UNINITIALIZED_AUTOS = YES_AGGRESSIVE;
				GCC_WARN_UNUSED_FUNCTION = YES;
				GCC_WARN_UNUSED_VARIABLE = YES;
				IPHONEOS_DEPLOYMENT_TARGET = 10.2;
				MTL_ENABLE_DEBUG_INFO = YES;
				ONLY_ACTIVE_ARCH = YES;
				SDKROOT = iphoneos;
				SWIFT_ACTIVE_COMPILATION_CONDITIONS = DEBUG;
				SWIFT_OPTIMIZATION_LEVEL = "-Onone";
				TARGETED_DEVICE_FAMILY = "1,2";
			};
			name = Debug;
		};
		0E06A1A51E8BA5430018326F /* Release */ = {
			isa = XCBuildConfiguration;
			buildSettings = {
				ALWAYS_SEARCH_USER_PATHS = NO;
				CLANG_ANALYZER_NONNULL = YES;
				CLANG_CXX_LANGUAGE_STANDARD = "gnu++0x";
				CLANG_CXX_LIBRARY = "libc++";
				CLANG_ENABLE_MODULES = YES;
				CLANG_ENABLE_OBJC_ARC = YES;
				CLANG_WARN_BOOL_CONVERSION = YES;
				CLANG_WARN_CONSTANT_CONVERSION = YES;
				CLANG_WARN_DIRECT_OBJC_ISA_USAGE = YES_ERROR;
				CLANG_WARN_DOCUMENTATION_COMMENTS = YES;
				CLANG_WARN_EMPTY_BODY = YES;
				CLANG_WARN_ENUM_CONVERSION = YES;
				CLANG_WARN_INFINITE_RECURSION = YES;
				CLANG_WARN_INT_CONVERSION = YES;
				CLANG_WARN_OBJC_ROOT_CLASS = YES_ERROR;
				CLANG_WARN_SUSPICIOUS_MOVE = YES;
				CLANG_WARN_UNREACHABLE_CODE = YES;
				CLANG_WARN__DUPLICATE_METHOD_MATCH = YES;
				"CODE_SIGN_IDENTITY[sdk=iphoneos*]" = "iPhone Developer";
				COPY_PHASE_STRIP = NO;
				DEBUG_INFORMATION_FORMAT = "dwarf-with-dsym";
				ENABLE_NS_ASSERTIONS = NO;
				ENABLE_STRICT_OBJC_MSGSEND = YES;
				GCC_C_LANGUAGE_STANDARD = gnu99;
				GCC_NO_COMMON_BLOCKS = YES;
				GCC_WARN_64_TO_32_BIT_CONVERSION = YES;
				GCC_WARN_ABOUT_RETURN_TYPE = YES_ERROR;
				GCC_WARN_UNDECLARED_SELECTOR = YES;
				GCC_WARN_UNINITIALIZED_AUTOS = YES_AGGRESSIVE;
				GCC_WARN_UNUSED_FUNCTION = YES;
				GCC_WARN_UNUSED_VARIABLE = YES;
				IPHONEOS_DEPLOYMENT_TARGET = 10.2;
				MTL_ENABLE_DEBUG_INFO = NO;
				SDKROOT = iphoneos;
				SWIFT_OPTIMIZATION_LEVEL = "-Owholemodule";
				TARGETED_DEVICE_FAMILY = "1,2";
				VALIDATE_PRODUCT = YES;
			};
			name = Release;
		};
		0E06A1A71E8BA5430018326F /* Debug */ = {
			isa = XCBuildConfiguration;
			buildSettings = {
				ASSETCATALOG_COMPILER_APPICON_NAME = AppIcon;
				INFOPLIST_FILE = ProjektRanking/Info.plist;
				LD_RUNPATH_SEARCH_PATHS = "$(inherited) @executable_path/Frameworks";
				PRODUCT_BUNDLE_IDENTIFIER = Project.ProjektRanking;
				PRODUCT_NAME = "$(TARGET_NAME)";
				SWIFT_VERSION = 3.0;
			};
			name = Debug;
		};
		0E06A1A81E8BA5430018326F /* Release */ = {
			isa = XCBuildConfiguration;
			buildSettings = {
				ASSETCATALOG_COMPILER_APPICON_NAME = AppIcon;
				INFOPLIST_FILE = ProjektRanking/Info.plist;
				LD_RUNPATH_SEARCH_PATHS = "$(inherited) @executable_path/Frameworks";
				PRODUCT_BUNDLE_IDENTIFIER = Project.ProjektRanking;
				PRODUCT_NAME = "$(TARGET_NAME)";
				SWIFT_VERSION = 3.0;
			};
			name = Release;
		};
/* End XCBuildConfiguration section */

/* Begin XCConfigurationList section */
		0E06A18F1E8BA5420018326F /* Build configuration list for PBXProject "ProjektRanking" */ = {
			isa = XCConfigurationList;
			buildConfigurations = (
				0E06A1A41E8BA5430018326F /* Debug */,
				0E06A1A51E8BA5430018326F /* Release */,
			);
			defaultConfigurationIsVisible = 0;
			defaultConfigurationName = Release;
		};
		0E06A1A61E8BA5430018326F /* Build configuration list for PBXNativeTarget "ProjektRanking" */ = {
			isa = XCConfigurationList;
			buildConfigurations = (
				0E06A1A71E8BA5430018326F /* Debug */,
				0E06A1A81E8BA5430018326F /* Release */,
			);
			defaultConfigurationIsVisible = 0;
			defaultConfigurationName = Release;
		};
/* End XCConfigurationList section */
	};
	rootObject = 0E06A18C1E8BA5420018326F /* Project object */;
}
